
Microsoft Visual Studio Solution File, Format Version 12.00
# Visual Studio 15
VisualStudioVersion = 15.0.26430.16
MinimumVisualStudioVersion = 10.0.40219.1
Project("{FAE04EC0-301F-11D3-BF4B-00C04F79EFBC}") = "ImageService", "ImageService\ImageService.csproj", "{DBD7507C-36C1-49ED-85E9-3C3FE7D3AF8D}"
EndProject
Project("{FAE04EC0-301F-11D3-BF4B-00C04F79EFBC}") = "GUI", "GUI\GUI.csproj", "{22268E2E-8E3B-4B40-8CA2-25713598884A}"
EndProject
Project("{FAE04EC0-301F-11D3-BF4B-00C04F79EFBC}") = "Infrastructure", "Infrastructure\Infrastructure.csproj", "{307EC0F2-FCA1-4C4E-BC92-11B4A1F93705}"
EndProject
Global
	GlobalSection(SolutionConfigurationPlatforms) = preSolution
		Debug|Any CPU = Debug|Any CPU
		Release|Any CPU = Release|Any CPU
	EndGlobalSection
	GlobalSection(ProjectConfigurationPlatforms) = postSolution
		{DBD7507C-36C1-49ED-85E9-3C3FE7D3AF8D}.Debug|Any CPU.ActiveCfg = Debug|Any CPU
		{DBD7507C-36C1-49ED-85E9-3C3FE7D3AF8D}.Debug|Any CPU.Build.0 = Debug|Any CPU
		{DBD7507C-36C1-49ED-85E9-3C3FE7D3AF8D}.Release|Any CPU.ActiveCfg = Release|Any CPU
		{DBD7507C-36C1-49ED-85E9-3C3FE7D3AF8D}.Release|Any CPU.Build.0 = Release|Any CPU
		{22268E2E-8E3B-4B40-8CA2-25713598884A}.Debug|Any CPU.ActiveCfg = Debug|Any CPU
		{22268E2E-8E3B-4B40-8CA2-25713598884A}.Debug|Any CPU.Build.0 = Debug|Any CPU
		{22268E2E-8E3B-4B40-8CA2-25713598884A}.Release|Any CPU.ActiveCfg = Release|Any CPU
		{22268E2E-8E3B-4B40-8CA2-25713598884A}.Release|Any CPU.Build.0 = Release|Any CPU
		{307EC0F2-FCA1-4C4E-BC92-11B4A1F93705}.Debug|Any CPU.ActiveCfg = Debug|Any CPU
		{307EC0F2-FCA1-4C4E-BC92-11B4A1F93705}.Debug|Any CPU.Build.0 = Debug|Any CPU
		{307EC0F2-FCA1-4C4E-BC92-11B4A1F93705}.Release|Any CPU.ActiveCfg = Release|Any CPU
		{307EC0F2-FCA1-4C4E-BC92-11B4A1F93705}.Release|Any CPU.Build.0 = Release|Any CPU
	EndGlobalSection
	GlobalSection(SolutionProperties) = preSolution
		HideSolutionNode = FALSE
	EndGlobalSection
	GlobalSection(ExtensibilityGlobals) = postSolution
		SolutionGuid = {A26725B8-9D82-47C3-9FD2-432B5034733D}
	EndGlobalSection
EndGlobal
